<?xml version="1.0" encoding="utf-8"?>
<Project ToolsVersion="16.0" xmlns="http://schemas.microsoft.com/developer/msbuild/2003">
  <ItemGroup>
    <ClCompile Include="..\src\libqhull\qset.c">
      <Filter>Source Files</Filter>
    </ClCompile>
    <ClCompile Include="..\src\libqhull\mem.c">
      <Filter>Source Files</Filter>
    </ClCompile>
    <ClCompile Include="..\src\libqhull\usermem.c">
      <Filter>Source Files</Filter>
    </ClCompile>
    <ClCompile Include="..\src\testqset\testqset.c">
      <Filter>Source Files</Filter>
    </ClCompile>
  </ItemGroup>
  <ItemGroup>
    <ClInclude Include="..\src\libqhull\mem.h">
      <Filter>Header Files</Filter>
    </ClInclude>
    <ClInclude Include="..\src\libqhull\qset.h">
      <Filter>Header Files</Filter>
    </ClInclude>
  </ItemGroup>
  <ItemGroup>
    <Filter Include="Header Files">
      <UniqueIdentifier>{B3211602-1F12-3B11-BDD3-19F17B8D7A26}</UniqueIdentifier>
    </Filter>
    <Filter Include="Source Files">
      <UniqueIdentifier>{EB7C6C63-DC65-3EA5-BF00-66DA13E35782}</UniqueIdentifier>
    </Filter>
  </ItemGroup>
</Project>