<?xml version="1.0" encoding="utf-8"?>
<Project ToolsVersion="16.0" xmlns="http://schemas.microsoft.com/developer/msbuild/2003">
  <ItemGroup>
    <CustomBuild Include="N:\Development\Dev_Base\qhull-8.1-alpha1\msvc\CMakeFiles\210e8b6635cd480f4ac090b164133bad\generate.stamp.rule">
      <Filter>CMake Rules</Filter>
    </CustomBuild>
  </ItemGroup>
  <ItemGroup>
    <Filter Include="CMake Rules">
      <UniqueIdentifier>{9AC7065D-96E7-39AE-93AD-0E106F78F305}</UniqueIdentifier>
    </Filter>
  </ItemGroup>
</Project>
